
Microsoft Visual Studio Solution File, Format Version 12.00
# Visual Studio Version 17
VisualStudioVersion = 17.9.34622.214
MinimumVisualStudioVersion = 10.0.40219.1
Project("{FAE04EC0-301F-11D3-BF4B-00C04F79EFBC}") = "Ovning2_Flode_Via_Loopar_och_stringmanipulation", "Ovning2_Flode_Via_Loopar_och_stringmanipulation\Ovning2_Flode_Via_Loopar_och_stringmanipulation.csproj", "{B4F82BF5-682F-4455-A3E0-BB559916A17B}"
EndProject
Global
	GlobalSection(SolutionConfigurationPlatforms) = preSolution
		Debug|Any CPU = Debug|Any CPU
		Release|Any CPU = Release|Any CPU
	EndGlobalSection
	GlobalSection(ProjectConfigurationPlatforms) = postSolution
		{B4F82BF5-682F-4455-A3E0-BB559916A17B}.Debug|Any CPU.ActiveCfg = Debug|Any CPU
		{B4F82BF5-682F-4455-A3E0-BB559916A17B}.Debug|Any CPU.Build.0 = Debug|Any CPU
		{B4F82BF5-682F-4455-A3E0-BB559916A17B}.Release|Any CPU.ActiveCfg = Release|Any CPU
		{B4F82BF5-682F-4455-A3E0-BB559916A17B}.Release|Any CPU.Build.0 = Release|Any CPU
	EndGlobalSection
	GlobalSection(SolutionProperties) = preSolution
		HideSolutionNode = FALSE
	EndGlobalSection
	GlobalSection(ExtensibilityGlobals) = postSolution
		SolutionGuid = {5376A1BA-FE8B-4EC7-8F1E-721BC80379F7}
	EndGlobalSection
EndGlobal
